
Microsoft Visual Studio Solution File, Format Version 12.00
# Visual Studio 15
VisualStudioVersion = 15.0.28307.757
MinimumVisualStudioVersion = 10.0.40219.1
Project("{8BC9CEB8-8B4A-11D0-8D11-00A0C91BC942}") = "Lab2", "Lab2\Lab2.vcxproj", "{EEA56EFF-8F30-4EF4-876F-7D476C1A592D}"
EndProject
Global
	GlobalSection(SolutionConfigurationPlatforms) = preSolution
		Debug|x64 = Debug|x64
		Debug|x86 = Debug|x86
		Release|x64 = Release|x64
		Release|x86 = Release|x86
	EndGlobalSection
	GlobalSection(ProjectConfigurationPlatforms) = postSolution
		{EEA56EFF-8F30-4EF4-876F-7D476C1A592D}.Debug|x64.ActiveCfg = Debug|x64
		{EEA56EFF-8F30-4EF4-876F-7D476C1A592D}.Debug|x64.Build.0 = Debug|x64
		{EEA56EFF-8F30-4EF4-876F-7D476C1A592D}.Debug|x86.ActiveCfg = Debug|Win32
		{EEA56EFF-8F30-4EF4-876F-7D476C1A592D}.Debug|x86.Build.0 = Debug|Win32
		{EEA56EFF-8F30-4EF4-876F-7D476C1A592D}.Release|x64.ActiveCfg = Release|x64
		{EEA56EFF-8F30-4EF4-876F-7D476C1A592D}.Release|x64.Build.0 = Release|x64
		{EEA56EFF-8F30-4EF4-876F-7D476C1A592D}.Release|x86.ActiveCfg = Release|Win32
		{EEA56EFF-8F30-4EF4-876F-7D476C1A592D}.Release|x86.Build.0 = Release|Win32
	EndGlobalSection
	GlobalSection(SolutionProperties) = preSolution
		HideSolutionNode = FALSE
	EndGlobalSection
	GlobalSection(ExtensibilityGlobals) = postSolution
		SolutionGuid = {B70B5592-D58D-4A6F-9481-E2509E4A1C65}
	EndGlobalSection
EndGlobal
